
Microsoft Visual Studio Solution File, Format Version 12.00
# Visual Studio Version 16
VisualStudioVersion = 16.0.31702.278
MinimumVisualStudioVersion = 10.0.40219.1
Project("{9A19103F-16F7-4668-BE54-9A1E7A4F7556}") = "Web-App", "Web-App\Web-App.csproj", "{983C0902-E797-474C-805C-ADAF84D461DA}"
EndProject
Project("{9A19103F-16F7-4668-BE54-9A1E7A4F7556}") = "Web-App.Tests", "Web-App_Tests\Web-App.Tests.csproj", "{6B73C848-8691-43E6-94A1-736F32EAAB1F}"
EndProject
Global
	GlobalSection(SolutionConfigurationPlatforms) = preSolution
		Debug|Any CPU = Debug|Any CPU
		Release|Any CPU = Release|Any CPU
	EndGlobalSection
	GlobalSection(ProjectConfigurationPlatforms) = postSolution
		{983C0902-E797-474C-805C-ADAF84D461DA}.Debug|Any CPU.ActiveCfg = Debug|Any CPU
		{983C0902-E797-474C-805C-ADAF84D461DA}.Debug|Any CPU.Build.0 = Debug|Any CPU
		{983C0902-E797-474C-805C-ADAF84D461DA}.Release|Any CPU.ActiveCfg = Release|Any CPU
		{983C0902-E797-474C-805C-ADAF84D461DA}.Release|Any CPU.Build.0 = Release|Any CPU
		{6B73C848-8691-43E6-94A1-736F32EAAB1F}.Debug|Any CPU.ActiveCfg = Debug|Any CPU
		{6B73C848-8691-43E6-94A1-736F32EAAB1F}.Debug|Any CPU.Build.0 = Debug|Any CPU
		{6B73C848-8691-43E6-94A1-736F32EAAB1F}.Release|Any CPU.ActiveCfg = Release|Any CPU
		{6B73C848-8691-43E6-94A1-736F32EAAB1F}.Release|Any CPU.Build.0 = Release|Any CPU
	EndGlobalSection
	GlobalSection(SolutionProperties) = preSolution
		HideSolutionNode = FALSE
	EndGlobalSection
	GlobalSection(ExtensibilityGlobals) = postSolution
		SolutionGuid = {22FBAA94-27CE-40B6-87DA-F82EAAF28D20}
	EndGlobalSection
EndGlobal
